
Microsoft Visual Studio Solution File, Format Version 12.00
# Visual Studio Version 16
VisualStudioVersion = 16.0.29306.81
MinimumVisualStudioVersion = 10.0.40219.1
Project("{F184B08F-C81C-45F6-A57F-5ABD9991F28F}") = "Disar", "Disar\Disar.vbproj", "{7FD62249-4006-4974-9469-DDF1E80D006A}"
EndProject
Project("{F184B08F-C81C-45F6-A57F-5ABD9991F28F}") = "Disar.data", "Disar.data\Disar.data.vbproj", "{A0835DD1-D873-40BC-A8A9-55CA206F429D}"
EndProject
Global
	GlobalSection(SolutionConfigurationPlatforms) = preSolution
		Debug|Any CPU = Debug|Any CPU
		Release|Any CPU = Release|Any CPU
	EndGlobalSection
	GlobalSection(ProjectConfigurationPlatforms) = postSolution
		{7FD62249-4006-4974-9469-DDF1E80D006A}.Debug|Any CPU.ActiveCfg = Debug|Any CPU
		{7FD62249-4006-4974-9469-DDF1E80D006A}.Debug|Any CPU.Build.0 = Debug|Any CPU
		{7FD62249-4006-4974-9469-DDF1E80D006A}.Release|Any CPU.ActiveCfg = Release|Any CPU
		{7FD62249-4006-4974-9469-DDF1E80D006A}.Release|Any CPU.Build.0 = Release|Any CPU
		{A0835DD1-D873-40BC-A8A9-55CA206F429D}.Debug|Any CPU.ActiveCfg = Debug|Any CPU
		{A0835DD1-D873-40BC-A8A9-55CA206F429D}.Debug|Any CPU.Build.0 = Debug|Any CPU
		{A0835DD1-D873-40BC-A8A9-55CA206F429D}.Release|Any CPU.ActiveCfg = Release|Any CPU
		{A0835DD1-D873-40BC-A8A9-55CA206F429D}.Release|Any CPU.Build.0 = Release|Any CPU
	EndGlobalSection
	GlobalSection(SolutionProperties) = preSolution
		HideSolutionNode = FALSE
	EndGlobalSection
	GlobalSection(ExtensibilityGlobals) = postSolution
		SolutionGuid = {9206ACE1-2C5C-4C05-BAE8-1C97B952013C}
	EndGlobalSection
EndGlobal
